
Microsoft Visual Studio Solution File, Format Version 12.00
# Visual Studio Version 17
VisualStudioVersion = 17.14.36127.28 d17.14
MinimumVisualStudioVersion = 10.0.40219.1
Project("{FAE04EC0-301F-11D3-BF4B-00C04F79EFBC}") = "star-events", "star-events.csproj", "{4AEF0C8C-BFB7-4321-8F1C-03C7825F70B1}"
EndProject
Global
	GlobalSection(SolutionConfigurationPlatforms) = preSolution
		Debug|Any CPU = Debug|Any CPU
		Release|Any CPU = Release|Any CPU
	EndGlobalSection
	GlobalSection(ProjectConfigurationPlatforms) = postSolution
		{4AEF0C8C-BFB7-4321-8F1C-03C7825F70B1}.Debug|Any CPU.ActiveCfg = Debug|Any CPU
		{4AEF0C8C-BFB7-4321-8F1C-03C7825F70B1}.Debug|Any CPU.Build.0 = Debug|Any CPU
		{4AEF0C8C-BFB7-4321-8F1C-03C7825F70B1}.Release|Any CPU.ActiveCfg = Release|Any CPU
		{4AEF0C8C-BFB7-4321-8F1C-03C7825F70B1}.Release|Any CPU.Build.0 = Release|Any CPU
	EndGlobalSection
	GlobalSection(SolutionProperties) = preSolution
		HideSolutionNode = FALSE
	EndGlobalSection
	GlobalSection(ExtensibilityGlobals) = postSolution
		SolutionGuid = {42ECF7FB-E916-46BB-BF0B-DCFC1C925963}
	EndGlobalSection
EndGlobal
